
Microsoft Visual Studio Solution File, Format Version 12.00
Project("{2150E333-8FDC-42A3-9474-1A3956D46DE8}") = "src", "src", "{D7CD322F-5854-4505-9ED1-DAFFE3CF7067}"
EndProject
Project("{2150E333-8FDC-42A3-9474-1A3956D46DE8}") = "test", "test", "{E73913EB-8F7C-4A94-B12A-C3D3E94A3B12}"
EndProject
Project("{FAE04EC0-301F-11D3-BF4B-00C04F79EFBC}") = "DotNetArchitecture.Presentation.Api", "src\DotNetArchitecture.Presentation.Api\DotNetArchitecture.Presentation.Api.csproj", "{9A737D61-3016-4B18-89C6-AC50AB3DEC3C}"
EndProject
Global
	GlobalSection(SolutionConfigurationPlatforms) = preSolution
		Debug|Any CPU = Debug|Any CPU
		Release|Any CPU = Release|Any CPU
	EndGlobalSection
	GlobalSection(NestedProjects) = preSolution
		{9A737D61-3016-4B18-89C6-AC50AB3DEC3C} = {D7CD322F-5854-4505-9ED1-DAFFE3CF7067}
	EndGlobalSection
	GlobalSection(ProjectConfigurationPlatforms) = postSolution
		{9A737D61-3016-4B18-89C6-AC50AB3DEC3C}.Debug|Any CPU.ActiveCfg = Debug|Any CPU
		{9A737D61-3016-4B18-89C6-AC50AB3DEC3C}.Debug|Any CPU.Build.0 = Debug|Any CPU
		{9A737D61-3016-4B18-89C6-AC50AB3DEC3C}.Release|Any CPU.ActiveCfg = Release|Any CPU
		{9A737D61-3016-4B18-89C6-AC50AB3DEC3C}.Release|Any CPU.Build.0 = Release|Any CPU
	EndGlobalSection
EndGlobal
